dependencies:
- name: common
  repository: https://charts.bitnami.com/bitnami
  version: 2.31.3
- name: redis
  repository: https://charts.bitnami.com/bitnami
  version: 17.15.6
- name: postgresql
  repository: https://charts.bitnami.com/bitnami
  version: 11.9.13
- name: mariadb
  repository: https://charts.bitnami.com/bitnami
  version: 12.2.9
digest: sha256:8ae6790e99518856684e2eaa08743c9f3a60e6624758f52d55bc17ab46346acc
generated: "2025-06-14T11:58:53.791492113Z"
