dependencies:
- name: common
  repository: https://charts.bitnami.com/bitnami
  version: 2.41.0
- name: redis
  repository: https://charts.bitnami.com/bitnami
  version: 17.15.6
- name: postgresql
  repository: https://charts.bitnami.com/bitnami
  version: 11.9.13
- name: mariadb
  repository: https://charts.bitnami.com/bitnami
  version: 12.2.9
digest: sha256:edbac477f18aeb319d77751b653d630475cf72e17445bfb6f9bfa506e026052a
generated: "2026-08-29T15:49:56.948878209Z"
